
Microsoft Visual Studio Solution File, Format Version 12.00
# Visual Studio 15
VisualStudioVersion = 15.0.26124.0
MinimumVisualStudioVersion = 15.0.26124.0
Project("{2150E333-8FDC-42A3-9474-1A3956D46DE8}") = "src", "src", "{62532B08-7FF5-49BD-A03C-8B343CF05AEA}"
EndProject
Project("{FAE04EC0-301F-11D3-BF4B-00C04F79EFBC}") = "EChartsCSharp.Html", "src\EChartsCSharp.Html\EChartsCSharp.Html.csproj", "{B8493BDD-FFB8-4882-A7E6-E59435C7124F}"
EndProject
Global
	GlobalSection(SolutionConfigurationPlatforms) = preSolution
		Debug|Any CPU = Debug|Any CPU
		Debug|x64 = Debug|x64
		Debug|x86 = Debug|x86
		Release|Any CPU = Release|Any CPU
		Release|x64 = Release|x64
		Release|x86 = Release|x86
	EndGlobalSection
	GlobalSection(SolutionProperties) = preSolution
		HideSolutionNode = FALSE
	EndGlobalSection
	GlobalSection(ProjectConfigurationPlatforms) = postSolution
		{B8493BDD-FFB8-4882-A7E6-E59435C7124F}.Debug|Any CPU.ActiveCfg = Debug|Any CPU
		{B8493BDD-FFB8-4882-A7E6-E59435C7124F}.Debug|Any CPU.Build.0 = Debug|Any CPU
		{B8493BDD-FFB8-4882-A7E6-E59435C7124F}.Debug|x64.ActiveCfg = Debug|Any CPU
		{B8493BDD-FFB8-4882-A7E6-E59435C7124F}.Debug|x64.Build.0 = Debug|Any CPU
		{B8493BDD-FFB8-4882-A7E6-E59435C7124F}.Debug|x86.ActiveCfg = Debug|Any CPU
		{B8493BDD-FFB8-4882-A7E6-E59435C7124F}.Debug|x86.Build.0 = Debug|Any CPU
		{B8493BDD-FFB8-4882-A7E6-E59435C7124F}.Release|Any CPU.ActiveCfg = Release|Any CPU
		{B8493BDD-FFB8-4882-A7E6-E59435C7124F}.Release|Any CPU.Build.0 = Release|Any CPU
		{B8493BDD-FFB8-4882-A7E6-E59435C7124F}.Release|x64.ActiveCfg = Release|Any CPU
		{B8493BDD-FFB8-4882-A7E6-E59435C7124F}.Release|x64.Build.0 = Release|Any CPU
		{B8493BDD-FFB8-4882-A7E6-E59435C7124F}.Release|x86.ActiveCfg = Release|Any CPU
		{B8493BDD-FFB8-4882-A7E6-E59435C7124F}.Release|x86.Build.0 = Release|Any CPU
	EndGlobalSection
	GlobalSection(NestedProjects) = preSolution
		{B8493BDD-FFB8-4882-A7E6-E59435C7124F} = {62532B08-7FF5-49BD-A03C-8B343CF05AEA}
	EndGlobalSection
EndGlobal
