
Microsoft Visual Studio Solution File, Format Version 12.00
# Visual Studio Version 16
VisualStudioVersion = 16.0.31112.23
MinimumVisualStudioVersion = 15.0.26124.0
Project("{2150E333-8FDC-42A3-9474-1A3956D46DE8}") = "src", "src", "{62532B08-7FF5-49BD-A03C-8B343CF05AEA}"
EndProject
Project("{9A19103F-16F7-4668-BE54-9A1E7A4F7556}") = "EChartsCSharp.Html", "src\EChartsCSharp.Html\EChartsCSharp.Html.csproj", "{B8493BDD-FFB8-4882-A7E6-E59435C7124F}"
EndProject
Project("{FAE04EC0-301F-11D3-BF4B-00C04F79EFBC}") = "EChartsCSharp", "src\EChartsCSharp\EChartsCSharp.csproj", "{2A67AAE7-914B-40A0-A696-A4D5C07AE4BC}"
EndProject
Project("{2150E333-8FDC-42A3-9474-1A3956D46DE8}") = "example", "example", "{525C34D8-ECAC-46C4-93CC-EEFADEA0FADD}"
EndProject
Project("{FAE04EC0-301F-11D3-BF4B-00C04F79EFBC}") = "EChartsCSharp.Examples", "EChartsCSharp.Examples\EChartsCSharp.Examples.csproj", "{C6B64964-33E2-4CB5-B106-6F44D07E5637}"
EndProject
Global
	GlobalSection(SolutionConfigurationPlatforms) = preSolution
		Debug|Any CPU = Debug|Any CPU
		Debug|x64 = Debug|x64
		Debug|x86 = Debug|x86
		Release|Any CPU = Release|Any CPU
		Release|x64 = Release|x64
		Release|x86 = Release|x86
	EndGlobalSection
	GlobalSection(ProjectConfigurationPlatforms) = postSolution
		{B8493BDD-FFB8-4882-A7E6-E59435C7124F}.Debug|Any CPU.ActiveCfg = Debug|Any CPU
		{B8493BDD-FFB8-4882-A7E6-E59435C7124F}.Debug|Any CPU.Build.0 = Debug|Any CPU
		{B8493BDD-FFB8-4882-A7E6-E59435C7124F}.Debug|x64.ActiveCfg = Debug|Any CPU
		{B8493BDD-FFB8-4882-A7E6-E59435C7124F}.Debug|x64.Build.0 = Debug|Any CPU
		{B8493BDD-FFB8-4882-A7E6-E59435C7124F}.Debug|x86.ActiveCfg = Debug|Any CPU
		{B8493BDD-FFB8-4882-A7E6-E59435C7124F}.Debug|x86.Build.0 = Debug|Any CPU
		{B8493BDD-FFB8-4882-A7E6-E59435C7124F}.Release|Any CPU.ActiveCfg = Release|Any CPU
		{B8493BDD-FFB8-4882-A7E6-E59435C7124F}.Release|Any CPU.Build.0 = Release|Any CPU
		{B8493BDD-FFB8-4882-A7E6-E59435C7124F}.Release|x64.ActiveCfg = Release|Any CPU
		{B8493BDD-FFB8-4882-A7E6-E59435C7124F}.Release|x64.Build.0 = Release|Any CPU
		{B8493BDD-FFB8-4882-A7E6-E59435C7124F}.Release|x86.ActiveCfg = Release|Any CPU
		{B8493BDD-FFB8-4882-A7E6-E59435C7124F}.Release|x86.Build.0 = Release|Any CPU
		{2A67AAE7-914B-40A0-A696-A4D5C07AE4BC}.Debug|Any CPU.ActiveCfg = Debug|Any CPU
		{2A67AAE7-914B-40A0-A696-A4D5C07AE4BC}.Debug|Any CPU.Build.0 = Debug|Any CPU
		{2A67AAE7-914B-40A0-A696-A4D5C07AE4BC}.Debug|x64.ActiveCfg = Debug|Any CPU
		{2A67AAE7-914B-40A0-A696-A4D5C07AE4BC}.Debug|x64.Build.0 = Debug|Any CPU
		{2A67AAE7-914B-40A0-A696-A4D5C07AE4BC}.Debug|x86.ActiveCfg = Debug|Any CPU
		{2A67AAE7-914B-40A0-A696-A4D5C07AE4BC}.Debug|x86.Build.0 = Debug|Any CPU
		{2A67AAE7-914B-40A0-A696-A4D5C07AE4BC}.Release|Any CPU.ActiveCfg = Release|Any CPU
		{2A67AAE7-914B-40A0-A696-A4D5C07AE4BC}.Release|Any CPU.Build.0 = Release|Any CPU
		{2A67AAE7-914B-40A0-A696-A4D5C07AE4BC}.Release|x64.ActiveCfg = Release|Any CPU
		{2A67AAE7-914B-40A0-A696-A4D5C07AE4BC}.Release|x64.Build.0 = Release|Any CPU
		{2A67AAE7-914B-40A0-A696-A4D5C07AE4BC}.Release|x86.ActiveCfg = Release|Any CPU
		{2A67AAE7-914B-40A0-A696-A4D5C07AE4BC}.Release|x86.Build.0 = Release|Any CPU
		{C6B64964-33E2-4CB5-B106-6F44D07E5637}.Debug|Any CPU.ActiveCfg = Debug|Any CPU
		{C6B64964-33E2-4CB5-B106-6F44D07E5637}.Debug|Any CPU.Build.0 = Debug|Any CPU
		{C6B64964-33E2-4CB5-B106-6F44D07E5637}.Debug|x64.ActiveCfg = Debug|Any CPU
		{C6B64964-33E2-4CB5-B106-6F44D07E5637}.Debug|x64.Build.0 = Debug|Any CPU
		{C6B64964-33E2-4CB5-B106-6F44D07E5637}.Debug|x86.ActiveCfg = Debug|Any CPU
		{C6B64964-33E2-4CB5-B106-6F44D07E5637}.Debug|x86.Build.0 = Debug|Any CPU
		{C6B64964-33E2-4CB5-B106-6F44D07E5637}.Release|Any CPU.ActiveCfg = Release|Any CPU
		{C6B64964-33E2-4CB5-B106-6F44D07E5637}.Release|Any CPU.Build.0 = Release|Any CPU
		{C6B64964-33E2-4CB5-B106-6F44D07E5637}.Release|x64.ActiveCfg = Release|Any CPU
		{C6B64964-33E2-4CB5-B106-6F44D07E5637}.Release|x64.Build.0 = Release|Any CPU
		{C6B64964-33E2-4CB5-B106-6F44D07E5637}.Release|x86.ActiveCfg = Release|Any CPU
		{C6B64964-33E2-4CB5-B106-6F44D07E5637}.Release|x86.Build.0 = Release|Any CPU
	EndGlobalSection
	GlobalSection(SolutionProperties) = preSolution
		HideSolutionNode = FALSE
	EndGlobalSection
	GlobalSection(NestedProjects) = preSolution
		{B8493BDD-FFB8-4882-A7E6-E59435C7124F} = {62532B08-7FF5-49BD-A03C-8B343CF05AEA}
		{2A67AAE7-914B-40A0-A696-A4D5C07AE4BC} = {62532B08-7FF5-49BD-A03C-8B343CF05AEA}
		{C6B64964-33E2-4CB5-B106-6F44D07E5637} = {525C34D8-ECAC-46C4-93CC-EEFADEA0FADD}
	EndGlobalSection
	GlobalSection(ExtensibilityGlobals) = postSolution
		SolutionGuid = {0C20BD93-86CA-40A4-BC67-CFF4CEFE4A0E}
	EndGlobalSection
EndGlobal
